{
  "version": 4,
  "terraform_version": "1.14.7",
  "serial": 43,
  "lineage": "c46802f5-af61-6351-8e4a-c716e9d760ea",
  "outputs": {},
  "resources": [
    {
      "module": "module.keyvalut",
      "mode": "data",
      "type": "azurerm_client_config",
      "name": "current",
      "provider": "provider[\"registry.terraform.io/hashicorp/azurerm\"]",
      "instances": [
        {
          "schema_version": 0,
          "attributes": {
            "client_id": "04b07795-8ddb-461a-bbee-02f9e1bf7b46",
            "id": "Y2xpZW50Q29uZmlncy9jbGllbnRJZD0wNGIwNzc5NS04ZGRiLTQ2MWEtYmJlZS0wMmY5ZTFiZjdiNDY7b2JqZWN0SWQ9ZmQxZWQ5NGYtNDllYi00YzdjLWE3MTItNGEwYzFlNGJkYTY5O3N1YnNjcmlwdGlvbklkPWQxZDA5ZDU2LTk1OWQtNDJiNy04M2FlLWJhNGMzN2Q5OThmYTt0ZW5hbnRJZD1iNGUxMTNhZi02NzM1LTRiNjktYWY3ZC0yYmMyOWUyYzkxNWY=",
            "object_id": "fd1ed94f-49eb-4c7c-a712-4a0c1e4bda69",
            "subscription_id": "d1d09d56-959d-42b7-83ae-ba4c37d998fa",
            "tenant_id": "b4e113af-6735-4b69-af7d-2bc29e2c915f",
            "timeouts": null
          },
          "sensitive_attributes": [],
          "identity_schema_version": 0
        }
      ]
    },
    {
      "module": "module.keyvalut",
      "mode": "managed",
      "type": "azurerm_key_vault",
      "name": "kv",
      "provider": "provider[\"registry.terraform.io/hashicorp/azurerm\"]",
      "instances": [
        {
          "index_key": "kv1",
          "schema_version": 2,
          "attributes": {
            "access_policy": [],
            "contact": [],
            "enable_rbac_authorization": true,
            "enabled_for_deployment": false,
            "enabled_for_disk_encryption": false,
            "enabled_for_template_deployment": false,
            "id": "/subscriptions/d1d09d56-959d-42b7-83ae-ba4c37d998fa/resourceGroups/prod-rg/providers/Microsoft.KeyVault/vaults/amal-kv",
            "location": "centralindia",
            "name": "amal-kv",
            "network_acls": [
              {
                "bypass": "AzureServices",
                "default_action": "Allow",
                "ip_rules": [],
                "virtual_network_subnet_ids": []
              }
            ],
            "public_network_access_enabled": true,
            "purge_protection_enabled": false,
            "rbac_authorization_enabled": true,
            "resource_group_name": "prod-rg",
            "sku_name": "standard",
            "soft_delete_retention_days": 7,
            "tags": {},
            "tenant_id": "b4e113af-6735-4b69-af7d-2bc29e2c915f",
            "timeouts": null,
            "vault_uri": "https://amal-kv.vault.azure.net/"
          },
          "sensitive_attributes": [],
          "identity_schema_version": 0,
          "identity": {
            "name": "amal-kv",
            "resource_group_name": "prod-rg",
            "subscription_id": "d1d09d56-959d-42b7-83ae-ba4c37d998fa"
          },
          "private": "eyJlMmJmYjczMC1lY2FhLTExZTYtOGY4OC0zNDM2M2JjN2M0YzAiOnsiY3JlYXRlIjoxODAwMDAwMDAwMDAwLCJkZWxldGUiOjE4MDAwMDAwMDAwMDAsInJlYWQiOjMwMDAwMDAwMDAwMCwidXBkYXRlIjoxODAwMDAwMDAwMDAwfSwic2NoZW1hX3ZlcnNpb24iOiIyIn0=",
          "dependencies": [
            "module.keyvalut.data.azurerm_client_config.current",
            "module.resource_group.azurerm_resource_group.rg"
          ]
        }
      ]
    },
    {
      "module": "module.keyvalut",
      "mode": "managed",
      "type": "azurerm_key_vault_secret",
      "name": "vm_password",
      "provider": "provider[\"registry.terraform.io/hashicorp/azurerm\"]",
      "instances": [
        {
          "index_key": "kv1",
          "schema_version": 0,
          "attributes": {
            "content_type": "",
            "expiration_date": "",
            "id": "https://amal-kv.vault.azure.net/secrets/vm-admin-password/48febce58a354a6a8ba37e67eda39dc8",
            "key_vault_id": "/subscriptions/d1d09d56-959d-42b7-83ae-ba4c37d998fa/resourceGroups/prod-rg/providers/Microsoft.KeyVault/vaults/amal-kv",
            "name": "vm-admin-password",
            "not_before_date": "",
            "resource_id": "/subscriptions/d1d09d56-959d-42b7-83ae-ba4c37d998fa/resourceGroups/prod-rg/providers/Microsoft.KeyVault/vaults/amal-kv/secrets/vm-admin-password/versions/48febce58a354a6a8ba37e67eda39dc8",
            "resource_versionless_id": "/subscriptions/d1d09d56-959d-42b7-83ae-ba4c37d998fa/resourceGroups/prod-rg/providers/Microsoft.KeyVault/vaults/amal-kv/secrets/vm-admin-password",
            "tags": {},
            "timeouts": null,
            "value": "r0@p5YZB9Du6@XYCd$BD",
            "value_wo": null,
            "value_wo_version": 0,
            "version": "48febce58a354a6a8ba37e67eda39dc8",
            "versionless_id": "https://amal-kv.vault.azure.net/secrets/vm-admin-password"
          },
          "sensitive_attributes": [
            [
              {
                "type": "get_attr",
                "value": "value"
              }
            ]
          ],
          "identity_schema_version": 0,
          "private": "eyJlMmJmYjczMC1lY2FhLTExZTYtOGY4OC0zNDM2M2JjN2M0YzAiOnsiY3JlYXRlIjoxODAwMDAwMDAwMDAwLCJkZWxldGUiOjE4MDAwMDAwMDAwMDAsInJlYWQiOjE4MDAwMDAwMDAwMDAsInVwZGF0ZSI6MTgwMDAwMDAwMDAwMH19",
          "dependencies": [
            "module.keyvalut.azurerm_key_vault.kv",
            "module.keyvalut.data.azurerm_client_config.current",
            "module.keyvalut.random_password.vm_password",
            "module.resource_group.azurerm_resource_group.rg"
          ]
        }
      ]
    },
    {
      "module": "module.keyvalut",
      "mode": "managed",
      "type": "azurerm_key_vault_secret",
      "name": "vm_username",
      "provider": "provider[\"registry.terraform.io/hashicorp/azurerm\"]",
      "instances": [
        {
          "index_key": "kv1",
          "schema_version": 0,
          "attributes": {
            "content_type": "",
            "expiration_date": "",
            "id": "https://amal-kv.vault.azure.net/secrets/vm-admin-username/07c982a199f64d99877ba7eb24ef7f20",
            "key_vault_id": "/subscriptions/d1d09d56-959d-42b7-83ae-ba4c37d998fa/resourceGroups/prod-rg/providers/Microsoft.KeyVault/vaults/amal-kv",
            "name": "vm-admin-username",
            "not_before_date": "",
            "resource_id": "/subscriptions/d1d09d56-959d-42b7-83ae-ba4c37d998fa/resourceGroups/prod-rg/providers/Microsoft.KeyVault/vaults/amal-kv/secrets/vm-admin-username/versions/07c982a199f64d99877ba7eb24ef7f20",
            "resource_versionless_id": "/subscriptions/d1d09d56-959d-42b7-83ae-ba4c37d998fa/resourceGroups/prod-rg/providers/Microsoft.KeyVault/vaults/amal-kv/secrets/vm-admin-username",
            "tags": {},
            "timeouts": null,
            "value": "test123",
            "value_wo": null,
            "value_wo_version": 0,
            "version": "07c982a199f64d99877ba7eb24ef7f20",
            "versionless_id": "https://amal-kv.vault.azure.net/secrets/vm-admin-username"
          },
          "sensitive_attributes": [
            [
              {
                "type": "get_attr",
                "value": "value"
              }
            ]
          ],
          "identity_schema_version": 0,
          "private": "eyJlMmJmYjczMC1lY2FhLTExZTYtOGY4OC0zNDM2M2JjN2M0YzAiOnsiY3JlYXRlIjoxODAwMDAwMDAwMDAwLCJkZWxldGUiOjE4MDAwMDAwMDAwMDAsInJlYWQiOjE4MDAwMDAwMDAwMDAsInVwZGF0ZSI6MTgwMDAwMDAwMDAwMH19",
          "dependencies": [
            "module.keyvalut.azurerm_key_vault.kv",
            "module.keyvalut.data.azurerm_client_config.current",
            "module.resource_group.azurerm_resource_group.rg"
          ]
        }
      ]
    },
    {
      "module": "module.keyvalut",
      "mode": "managed",
      "type": "random_password",
      "name": "vm_password",
      "provider": "provider[\"registry.terraform.io/hashicorp/random\"]",
      "instances": [
        {
          "index_key": "kv1",
          "schema_version": 3,
          "attributes": {
            "bcrypt_hash": "$2a$10$WgggnZC/7KRVoZUhQhJ.HOljyOpK63zWhGv7.PtOkvBRQZPyZrt/6",
            "id": "none",
            "keepers": null,
            "length": 20,
            "lower": true,
            "min_lower": 0,
            "min_numeric": 0,
            "min_special": 0,
            "min_upper": 0,
            "number": true,
            "numeric": true,
            "override_special": "!@#$%^\u0026*",
            "result": "r0@p5YZB9Du6@XYCd$BD",
            "special": true,
            "upper": true
          },
          "sensitive_attributes": [
            [
              {
                "type": "get_attr",
                "value": "bcrypt_hash"
              }
            ],
            [
              {
                "type": "get_attr",
                "value": "result"
              }
            ]
          ],
          "identity_schema_version": 0,
          "dependencies": [
            "module.resource_group.azurerm_resource_group.rg"
          ]
        }
      ]
    },
    {
      "module": "module.publicip",
      "mode": "managed",
      "type": "azurerm_public_ip",
      "name": "publicip",
      "provider": "provider[\"registry.terraform.io/hashicorp/azurerm\"]",
      "instances": [
        {
          "index_key": "pip1",
          "schema_version": 0,
          "attributes": {
            "allocation_method": "Static",
            "ddos_protection_mode": "VirtualNetworkInherited",
            "ddos_protection_plan_id": null,
            "domain_name_label": "",
            "domain_name_label_scope": "",
            "edge_zone": "",
            "fqdn": "",
            "id": "/subscriptions/d1d09d56-959d-42b7-83ae-ba4c37d998fa/resourceGroups/dev-rg/providers/Microsoft.Network/publicIPAddresses/dev-ip",
            "idle_timeout_in_minutes": 4,
            "ip_address": "20.216.28.164",
            "ip_tags": {},
            "ip_version": "IPv4",
            "location": "uaenorth",
            "name": "dev-ip",
            "public_ip_prefix_id": null,
            "resource_group_name": "dev-rg",
            "reverse_fqdn": "",
            "sku": "Standard",
            "sku_tier": "Regional",
            "tags": {},
            "timeouts": null,
            "zones": []
          },
          "sensitive_attributes": [],
          "identity_schema_version": 0,
          "identity": {
            "name": "dev-ip",
            "resource_group_name": "dev-rg",
            "subscription_id": "d1d09d56-959d-42b7-83ae-ba4c37d998fa"
          },
          "private": "eyJlMmJmYjczMC1lY2FhLTExZTYtOGY4OC0zNDM2M2JjN2M0YzAiOnsiY3JlYXRlIjoxODAwMDAwMDAwMDAwLCJkZWxldGUiOjE4MDAwMDAwMDAwMDAsInJlYWQiOjMwMDAwMDAwMDAwMCwidXBkYXRlIjoxODAwMDAwMDAwMDAwfX0=",
          "dependencies": [
            "module.resource_group.azurerm_resource_group.rg"
          ]
        },
        {
          "index_key": "pip2",
          "schema_version": 0,
          "attributes": {
            "allocation_method": "Static",
            "ddos_protection_mode": "VirtualNetworkInherited",
            "ddos_protection_plan_id": null,
            "domain_name_label": "",
            "domain_name_label_scope": "",
            "edge_zone": "",
            "fqdn": "",
            "id": "/subscriptions/d1d09d56-959d-42b7-83ae-ba4c37d998fa/resourceGroups/prod-rg/providers/Microsoft.Network/publicIPAddresses/prod-ip",
            "idle_timeout_in_minutes": 4,
            "ip_address": "104.211.76.140",
            "ip_tags": {},
            "ip_version": "IPv4",
            "location": "centralindia",
            "name": "prod-ip",
            "public_ip_prefix_id": null,
            "resource_group_name": "prod-rg",
            "reverse_fqdn": "",
            "sku": "Standard",
            "sku_tier": "Regional",
            "tags": {},
            "timeouts": null,
            "zones": []
          },
          "sensitive_attributes": [],
          "identity_schema_version": 0,
          "identity": {
            "name": "prod-ip",
            "resource_group_name": "prod-rg",
            "subscription_id": "d1d09d56-959d-42b7-83ae-ba4c37d998fa"
          },
          "private": "eyJlMmJmYjczMC1lY2FhLTExZTYtOGY4OC0zNDM2M2JjN2M0YzAiOnsiY3JlYXRlIjoxODAwMDAwMDAwMDAwLCJkZWxldGUiOjE4MDAwMDAwMDAwMDAsInJlYWQiOjMwMDAwMDAwMDAwMCwidXBkYXRlIjoxODAwMDAwMDAwMDAwfX0=",
          "dependencies": [
            "module.resource_group.azurerm_resource_group.rg"
          ]
        }
      ]
    },
    {
      "module": "module.resource_group",
      "mode": "managed",
      "type": "azurerm_resource_group",
      "name": "rg",
      "provider": "provider[\"registry.terraform.io/hashicorp/azurerm\"]",
      "instances": [
        {
          "index_key": "rg1",
          "schema_version": 0,
          "attributes": {
            "id": "/subscriptions/d1d09d56-959d-42b7-83ae-ba4c37d998fa/resourceGroups/dev-rg",
            "location": "uaenorth",
            "managed_by": "",
            "name": "dev-rg",
            "tags": {},
            "timeouts": null
          },
          "sensitive_attributes": [],
          "identity_schema_version": 0,
          "identity": {
            "name": "dev-rg",
            "subscription_id": "d1d09d56-959d-42b7-83ae-ba4c37d998fa"
          },
          "private": "eyJlMmJmYjczMC1lY2FhLTExZTYtOGY4OC0zNDM2M2JjN2M0YzAiOnsiY3JlYXRlIjo1NDAwMDAwMDAwMDAwLCJkZWxldGUiOjU0MDAwMDAwMDAwMDAsInJlYWQiOjMwMDAwMDAwMDAwMCwidXBkYXRlIjo1NDAwMDAwMDAwMDAwfX0="
        },
        {
          "index_key": "rg2",
          "schema_version": 0,
          "attributes": {
            "id": "/subscriptions/d1d09d56-959d-42b7-83ae-ba4c37d998fa/resourceGroups/prod-rg",
            "location": "centralindia",
            "managed_by": "",
            "name": "prod-rg",
            "tags": {},
            "timeouts": null
          },
          "sensitive_attributes": [],
          "identity_schema_version": 0,
          "identity": {
            "name": "prod-rg",
            "subscription_id": "d1d09d56-959d-42b7-83ae-ba4c37d998fa"
          },
          "private": "eyJlMmJmYjczMC1lY2FhLTExZTYtOGY4OC0zNDM2M2JjN2M0YzAiOnsiY3JlYXRlIjo1NDAwMDAwMDAwMDAwLCJkZWxldGUiOjU0MDAwMDAwMDAwMDAsInJlYWQiOjMwMDAwMDAwMDAwMCwidXBkYXRlIjo1NDAwMDAwMDAwMDAwfX0="
        }
      ]
    },
    {
      "module": "module.subnet",
      "mode": "managed",
      "type": "azurerm_subnet",
      "name": "subnet",
      "provider": "provider[\"registry.terraform.io/hashicorp/azurerm\"]",
      "instances": [
        {
          "index_key": "Sn2",
          "schema_version": 0,
          "attributes": {
            "address_prefixes": [
              "20.0.1.0/24"
            ],
            "default_outbound_access_enabled": true,
            "delegation": [],
            "id": "/subscriptions/d1d09d56-959d-42b7-83ae-ba4c37d998fa/resourceGroups/prod-rg/providers/Microsoft.Network/virtualNetworks/prod-vnet/subnets/prod-subnet",
            "ip_address_pool": [],
            "name": "prod-subnet",
            "private_endpoint_network_policies": "Disabled",
            "private_link_service_network_policies_enabled": true,
            "resource_group_name": "prod-rg",
            "service_endpoint_policy_ids": [],
            "service_endpoints": [],
            "sharing_scope": "",
            "timeouts": null,
            "virtual_network_name": "prod-vnet"
          },
          "sensitive_attributes": [],
          "identity_schema_version": 0,
          "identity": {
            "name": "prod-subnet",
            "resource_group_name": "prod-rg",
            "subscription_id": "d1d09d56-959d-42b7-83ae-ba4c37d998fa",
            "virtual_network_name": "prod-vnet"
          },
          "private": "eyJlMmJmYjczMC1lY2FhLTExZTYtOGY4OC0zNDM2M2JjN2M0YzAiOnsiY3JlYXRlIjoxODAwMDAwMDAwMDAwLCJkZWxldGUiOjE4MDAwMDAwMDAwMDAsInJlYWQiOjMwMDAwMDAwMDAwMCwidXBkYXRlIjoxODAwMDAwMDAwMDAwfX0=",
          "dependencies": [
            "module.resource_group.azurerm_resource_group.rg",
            "module.virtual_network.azurerm_virtual_network.virtual_network"
          ]
        },
        {
          "index_key": "sn1",
          "schema_version": 0,
          "attributes": {
            "address_prefixes": [
              "10.0.1.0/24"
            ],
            "default_outbound_access_enabled": true,
            "delegation": [],
            "id": "/subscriptions/d1d09d56-959d-42b7-83ae-ba4c37d998fa/resourceGroups/dev-rg/providers/Microsoft.Network/virtualNetworks/dev-vnet/subnets/dev-subnet",
            "ip_address_pool": [],
            "name": "dev-subnet",
            "private_endpoint_network_policies": "Disabled",
            "private_link_service_network_policies_enabled": true,
            "resource_group_name": "dev-rg",
            "service_endpoint_policy_ids": [],
            "service_endpoints": [],
            "sharing_scope": "",
            "timeouts": null,
            "virtual_network_name": "dev-vnet"
          },
          "sensitive_attributes": [],
          "identity_schema_version": 0,
          "identity": {
            "name": "dev-subnet",
            "resource_group_name": "dev-rg",
            "subscription_id": "d1d09d56-959d-42b7-83ae-ba4c37d998fa",
            "virtual_network_name": "dev-vnet"
          },
          "private": "eyJlMmJmYjczMC1lY2FhLTExZTYtOGY4OC0zNDM2M2JjN2M0YzAiOnsiY3JlYXRlIjoxODAwMDAwMDAwMDAwLCJkZWxldGUiOjE4MDAwMDAwMDAwMDAsInJlYWQiOjMwMDAwMDAwMDAwMCwidXBkYXRlIjoxODAwMDAwMDAwMDAwfX0=",
          "dependencies": [
            "module.resource_group.azurerm_resource_group.rg",
            "module.virtual_network.azurerm_virtual_network.virtual_network"
          ]
        }
      ]
    },
    {
      "module": "module.virtual_machine",
      "mode": "data",
      "type": "azurerm_key_vault",
      "name": "kv",
      "provider": "provider[\"registry.terraform.io/hashicorp/azurerm\"]",
      "instances": [
        {
          "index_key": "kv1",
          "schema_version": 0,
          "attributes": {
            "access_policy": [],
            "enable_rbac_authorization": true,
            "enabled_for_deployment": false,
            "enabled_for_disk_encryption": false,
            "enabled_for_template_deployment": false,
            "id": "/subscriptions/d1d09d56-959d-42b7-83ae-ba4c37d998fa/resourceGroups/prod-rg/providers/Microsoft.KeyVault/vaults/amal-kv",
            "location": "centralindia",
            "name": "amal-kv",
            "network_acls": [],
            "public_network_access_enabled": true,
            "purge_protection_enabled": false,
            "rbac_authorization_enabled": true,
            "resource_group_name": "prod-rg",
            "sku_name": "standard",
            "tags": {},
            "tenant_id": "b4e113af-6735-4b69-af7d-2bc29e2c915f",
            "timeouts": null,
            "vault_uri": "https://amal-kv.vault.azure.net/"
          },
          "sensitive_attributes": [],
          "identity_schema_version": 0
        }
      ]
    },
    {
      "module": "module.virtual_machine",
      "mode": "data",
      "type": "azurerm_key_vault_secret",
      "name": "password",
      "provider": "provider[\"registry.terraform.io/hashicorp/azurerm\"]",
      "instances": [
        {
          "index_key": "kv1",
          "schema_version": 0,
          "attributes": {
            "content_type": "",
            "expiration_date": "",
            "id": "https://amal-kv.vault.azure.net/secrets/vm-admin-password/48febce58a354a6a8ba37e67eda39dc8",
            "key_vault_id": "/subscriptions/d1d09d56-959d-42b7-83ae-ba4c37d998fa/resourceGroups/prod-rg/providers/Microsoft.KeyVault/vaults/amal-kv",
            "name": "vm-admin-password",
            "not_before_date": "",
            "resource_id": "/subscriptions/d1d09d56-959d-42b7-83ae-ba4c37d998fa/resourceGroups/prod-rg/providers/Microsoft.KeyVault/vaults/amal-kv/secrets/vm-admin-password/versions/48febce58a354a6a8ba37e67eda39dc8",
            "resource_versionless_id": "/subscriptions/d1d09d56-959d-42b7-83ae-ba4c37d998fa/resourceGroups/prod-rg/providers/Microsoft.KeyVault/vaults/amal-kv/secrets/vm-admin-password",
            "tags": {},
            "timeouts": null,
            "value": "r0@p5YZB9Du6@XYCd$BD",
            "version": "48febce58a354a6a8ba37e67eda39dc8",
            "versionless_id": "https://amal-kv.vault.azure.net/secrets/vm-admin-password"
          },
          "sensitive_attributes": [
            [
              {
                "type": "get_attr",
                "value": "value"
              }
            ]
          ],
          "identity_schema_version": 0
        }
      ]
    },
    {
      "module": "module.virtual_machine",
      "mode": "data",
      "type": "azurerm_key_vault_secret",
      "name": "username",
      "provider": "provider[\"registry.terraform.io/hashicorp/azurerm\"]",
      "instances": [
        {
          "index_key": "kv1",
          "schema_version": 0,
          "attributes": {
            "content_type": "",
            "expiration_date": "",
            "id": "https://amal-kv.vault.azure.net/secrets/vm-admin-username/07c982a199f64d99877ba7eb24ef7f20",
            "key_vault_id": "/subscriptions/d1d09d56-959d-42b7-83ae-ba4c37d998fa/resourceGroups/prod-rg/providers/Microsoft.KeyVault/vaults/amal-kv",
            "name": "vm-admin-username",
            "not_before_date": "",
            "resource_id": "/subscriptions/d1d09d56-959d-42b7-83ae-ba4c37d998fa/resourceGroups/prod-rg/providers/Microsoft.KeyVault/vaults/amal-kv/secrets/vm-admin-username/versions/07c982a199f64d99877ba7eb24ef7f20",
            "resource_versionless_id": "/subscriptions/d1d09d56-959d-42b7-83ae-ba4c37d998fa/resourceGroups/prod-rg/providers/Microsoft.KeyVault/vaults/amal-kv/secrets/vm-admin-username",
            "tags": {},
            "timeouts": null,
            "value": "test123",
            "version": "07c982a199f64d99877ba7eb24ef7f20",
            "versionless_id": "https://amal-kv.vault.azure.net/secrets/vm-admin-username"
          },
          "sensitive_attributes": [
            [
              {
                "type": "get_attr",
                "value": "value"
              }
            ]
          ],
          "identity_schema_version": 0
        }
      ]
    },
    {
      "module": "module.virtual_machine",
      "mode": "data",
      "type": "azurerm_public_ip",
      "name": "kirti",
      "provider": "provider[\"registry.terraform.io/hashicorp/azurerm\"]",
      "instances": [
        {
          "index_key": "vm1",
          "schema_version": 0,
          "attributes": {
            "allocation_method": "Static",
            "ddos_protection_mode": "VirtualNetworkInherited",
            "ddos_protection_plan_id": null,
            "domain_name_label": "",
            "fqdn": "",
            "id": "/subscriptions/d1d09d56-959d-42b7-83ae-ba4c37d998fa/resourceGroups/dev-rg/providers/Microsoft.Network/publicIPAddresses/dev-ip",
            "idle_timeout_in_minutes": 4,
            "ip_address": "20.216.28.164",
            "ip_tags": {},
            "ip_version": "IPv4",
            "location": "uaenorth",
            "name": "dev-ip",
            "resource_group_name": "dev-rg",
            "reverse_fqdn": "",
            "sku": "Standard",
            "tags": {},
            "timeouts": null,
            "zones": []
          },
          "sensitive_attributes": [],
          "identity_schema_version": 0
        },
        {
          "index_key": "vm2",
          "schema_version": 0,
          "attributes": {
            "allocation_method": "Static",
            "ddos_protection_mode": "VirtualNetworkInherited",
            "ddos_protection_plan_id": null,
            "domain_name_label": "",
            "fqdn": "",
            "id": "/subscriptions/d1d09d56-959d-42b7-83ae-ba4c37d998fa/resourceGroups/prod-rg/providers/Microsoft.Network/publicIPAddresses/prod-ip",
            "idle_timeout_in_minutes": 4,
            "ip_address": "104.211.76.140",
            "ip_tags": {},
            "ip_version": "IPv4",
            "location": "centralindia",
            "name": "prod-ip",
            "resource_group_name": "prod-rg",
            "reverse_fqdn": "",
            "sku": "Standard",
            "tags": {},
            "timeouts": null,
            "zones": []
          },
          "sensitive_attributes": [],
          "identity_schema_version": 0
        }
      ]
    },
    {
      "module": "module.virtual_machine",
      "mode": "data",
      "type": "azurerm_subnet",
      "name": "subnet",
      "provider": "provider[\"registry.terraform.io/hashicorp/azurerm\"]",
      "instances": [
        {
          "index_key": "vm1",
          "schema_version": 0,
          "attributes": {
            "address_prefix": "10.0.1.0/24",
            "address_prefixes": [
              "10.0.1.0/24"
            ],
            "default_outbound_access_enabled": true,
            "id": "/subscriptions/d1d09d56-959d-42b7-83ae-ba4c37d998fa/resourceGroups/dev-rg/providers/Microsoft.Network/virtualNetworks/dev-vnet/subnets/dev-subnet",
            "name": "dev-subnet",
            "network_security_group_id": "",
            "private_endpoint_network_policies": "Disabled",
            "private_link_service_network_policies_enabled": true,
            "resource_group_name": "dev-rg",
            "route_table_id": "",
            "service_endpoints": [],
            "timeouts": null,
            "virtual_network_name": "dev-vnet"
          },
          "sensitive_attributes": [],
          "identity_schema_version": 0
        },
        {
          "index_key": "vm2",
          "schema_version": 0,
          "attributes": {
            "address_prefix": "20.0.1.0/24",
            "address_prefixes": [
              "20.0.1.0/24"
            ],
            "default_outbound_access_enabled": true,
            "id": "/subscriptions/d1d09d56-959d-42b7-83ae-ba4c37d998fa/resourceGroups/prod-rg/providers/Microsoft.Network/virtualNetworks/prod-vnet/subnets/prod-subnet",
            "name": "prod-subnet",
            "network_security_group_id": "",
            "private_endpoint_network_policies": "Disabled",
            "private_link_service_network_policies_enabled": true,
            "resource_group_name": "prod-rg",
            "route_table_id": "",
            "service_endpoints": [],
            "timeouts": null,
            "virtual_network_name": "prod-vnet"
          },
          "sensitive_attributes": [],
          "identity_schema_version": 0
        }
      ]
    },
    {
      "module": "module.virtual_machine",
      "mode": "managed",
      "type": "azurerm_linux_virtual_machine",
      "name": "virtualmachine",
      "provider": "provider[\"registry.terraform.io/hashicorp/azurerm\"]",
      "instances": [
        {
          "index_key": "vm1",
          "schema_version": 0,
          "attributes": {
            "additional_capabilities": [],
            "admin_password": "r0@p5YZB9Du6@XYCd$BD",
            "admin_ssh_key": [],
            "admin_username": "test123",
            "allow_extension_operations": true,
            "availability_set_id": "",
            "boot_diagnostics": [],
            "bypass_platform_safety_checks_on_user_schedule_enabled": false,
            "capacity_reservation_group_id": "",
            "computer_name": "dev-vm",
            "custom_data": null,
            "dedicated_host_group_id": "",
            "dedicated_host_id": "",
            "disable_password_authentication": false,
            "disk_controller_type": "",
            "edge_zone": "",
            "encryption_at_host_enabled": false,
            "eviction_policy": "",
            "extensions_time_budget": "PT1H30M",
            "gallery_application": [],
            "id": "/subscriptions/d1d09d56-959d-42b7-83ae-ba4c37d998fa/resourceGroups/dev-rg/providers/Microsoft.Compute/virtualMachines/dev-vm",
            "identity": [],
            "license_type": "",
            "location": "uaenorth",
            "max_bid_price": -1,
            "name": "dev-vm",
            "network_interface_ids": [
              "/subscriptions/d1d09d56-959d-42b7-83ae-ba4c37d998fa/resourceGroups/dev-rg/providers/Microsoft.Network/networkInterfaces/dev-nic"
            ],
            "os_disk": [
              {
                "caching": "ReadWrite",
                "diff_disk_settings": [],
                "disk_encryption_set_id": "",
                "disk_size_gb": 30,
                "id": "/subscriptions/d1d09d56-959d-42b7-83ae-ba4c37d998fa/resourceGroups/dev-rg/providers/Microsoft.Compute/disks/dev-vm_OsDisk_1_13d90b15bb4c4d96b7d79d4c0c8ba1e0",
                "name": "dev-vm_OsDisk_1_13d90b15bb4c4d96b7d79d4c0c8ba1e0",
                "secure_vm_disk_encryption_set_id": "",
                "security_encryption_type": "",
                "storage_account_type": "Standard_LRS",
                "write_accelerator_enabled": false
              }
            ],
            "os_image_notification": [],
            "os_managed_disk_id": "/subscriptions/d1d09d56-959d-42b7-83ae-ba4c37d998fa/resourceGroups/dev-rg/providers/Microsoft.Compute/disks/dev-vm_OsDisk_1_13d90b15bb4c4d96b7d79d4c0c8ba1e0",
            "patch_assessment_mode": "ImageDefault",
            "patch_mode": "ImageDefault",
            "plan": [],
            "platform_fault_domain": -1,
            "priority": "Regular",
            "private_ip_address": "10.0.1.4",
            "private_ip_addresses": [
              "10.0.1.4"
            ],
            "provision_vm_agent": true,
            "proximity_placement_group_id": "",
            "public_ip_address": "20.216.28.164",
            "public_ip_addresses": [
              "20.216.28.164"
            ],
            "reboot_setting": "",
            "resource_group_name": "dev-rg",
            "secret": [],
            "secure_boot_enabled": false,
            "size": "Standard_D2s_v3",
            "source_image_id": "",
            "source_image_reference": [
              {
                "offer": "0001-com-ubuntu-server-jammy",
                "publisher": "Canonical",
                "sku": "22_04-lts",
                "version": "latest"
              }
            ],
            "tags": null,
            "termination_notification": null,
            "timeouts": null,
            "user_data": "",
            "virtual_machine_id": "52c213f6-0eac-4477-8459-81064bfe0b91",
            "virtual_machine_scale_set_id": "",
            "vm_agent_platform_updates_enabled": true,
            "vtpm_enabled": false,
            "zone": ""
          },
          "sensitive_attributes": [
            [
              {
                "type": "get_attr",
                "value": "admin_password"
              }
            ],
            [
              {
                "type": "get_attr",
                "value": "admin_username"
              }
            ],
            [
              {
                "type": "get_attr",
                "value": "custom_data"
              }
            ]
          ],
          "identity_schema_version": 0,
          "private": "eyJlMmJmYjczMC1lY2FhLTExZTYtOGY4OC0zNDM2M2JjN2M0YzAiOnsiY3JlYXRlIjoyNzAwMDAwMDAwMDAwLCJkZWxldGUiOjI3MDAwMDAwMDAwMDAsInJlYWQiOjMwMDAwMDAwMDAwMCwidXBkYXRlIjoyNzAwMDAwMDAwMDAwfX0=",
          "dependencies": [
            "module.publicip.azurerm_public_ip.publicip",
            "module.resource_group.azurerm_resource_group.rg",
            "module.subnet.azurerm_subnet.subnet",
            "module.virtual_machine.azurerm_network_interface.nic_card",
            "module.virtual_machine.data.azurerm_key_vault.kv",
            "module.virtual_machine.data.azurerm_key_vault_secret.password",
            "module.virtual_machine.data.azurerm_key_vault_secret.username",
            "module.virtual_machine.data.azurerm_public_ip.kirti",
            "module.virtual_machine.data.azurerm_subnet.subnet",
            "module.virtual_network.azurerm_virtual_network.virtual_network"
          ]
        },
        {
          "index_key": "vm2",
          "schema_version": 0,
          "attributes": {
            "additional_capabilities": [],
            "admin_password": "r0@p5YZB9Du6@XYCd$BD",
            "admin_ssh_key": [],
            "admin_username": "test123",
            "allow_extension_operations": true,
            "availability_set_id": "",
            "boot_diagnostics": [],
            "bypass_platform_safety_checks_on_user_schedule_enabled": false,
            "capacity_reservation_group_id": "",
            "computer_name": "prod-vm",
            "custom_data": null,
            "dedicated_host_group_id": "",
            "dedicated_host_id": "",
            "disable_password_authentication": false,
            "disk_controller_type": "",
            "edge_zone": "",
            "encryption_at_host_enabled": false,
            "eviction_policy": "",
            "extensions_time_budget": "PT1H30M",
            "gallery_application": [],
            "id": "/subscriptions/d1d09d56-959d-42b7-83ae-ba4c37d998fa/resourceGroups/prod-rg/providers/Microsoft.Compute/virtualMachines/prod-vm",
            "identity": [],
            "license_type": "",
            "location": "centralindia",
            "max_bid_price": -1,
            "name": "prod-vm",
            "network_interface_ids": [
              "/subscriptions/d1d09d56-959d-42b7-83ae-ba4c37d998fa/resourceGroups/prod-rg/providers/Microsoft.Network/networkInterfaces/prod-nic"
            ],
            "os_disk": [
              {
                "caching": "ReadWrite",
                "diff_disk_settings": [],
                "disk_encryption_set_id": "",
                "disk_size_gb": 30,
                "id": "/subscriptions/d1d09d56-959d-42b7-83ae-ba4c37d998fa/resourceGroups/prod-rg/providers/Microsoft.Compute/disks/prod-vm_OsDisk_1_e049f7a8bc3c439f9fef339872cd395b",
                "name": "prod-vm_OsDisk_1_e049f7a8bc3c439f9fef339872cd395b",
                "secure_vm_disk_encryption_set_id": "",
                "security_encryption_type": "",
                "storage_account_type": "Standard_LRS",
                "write_accelerator_enabled": false
              }
            ],
            "os_image_notification": [],
            "os_managed_disk_id": "/subscriptions/d1d09d56-959d-42b7-83ae-ba4c37d998fa/resourceGroups/prod-rg/providers/Microsoft.Compute/disks/prod-vm_OsDisk_1_e049f7a8bc3c439f9fef339872cd395b",
            "patch_assessment_mode": "ImageDefault",
            "patch_mode": "ImageDefault",
            "plan": [],
            "platform_fault_domain": -1,
            "priority": "Regular",
            "private_ip_address": "20.0.1.4",
            "private_ip_addresses": [
              "20.0.1.4"
            ],
            "provision_vm_agent": true,
            "proximity_placement_group_id": "",
            "public_ip_address": "104.211.76.140",
            "public_ip_addresses": [
              "104.211.76.140"
            ],
            "reboot_setting": "",
            "resource_group_name": "prod-rg",
            "secret": [],
            "secure_boot_enabled": false,
            "size": "Standard_D2s_v3",
            "source_image_id": "",
            "source_image_reference": [
              {
                "offer": "0001-com-ubuntu-server-jammy",
                "publisher": "Canonical",
                "sku": "22_04-lts",
                "version": "latest"
              }
            ],
            "tags": null,
            "termination_notification": null,
            "timeouts": null,
            "user_data": "",
            "virtual_machine_id": "f61c6044-6bf1-4a11-ac35-df7649ff50c2",
            "virtual_machine_scale_set_id": "",
            "vm_agent_platform_updates_enabled": false,
            "vtpm_enabled": false,
            "zone": ""
          },
          "sensitive_attributes": [
            [
              {
                "type": "get_attr",
                "value": "admin_password"
              }
            ],
            [
              {
                "type": "get_attr",
                "value": "admin_username"
              }
            ],
            [
              {
                "type": "get_attr",
                "value": "custom_data"
              }
            ]
          ],
          "identity_schema_version": 0,
          "private": "eyJlMmJmYjczMC1lY2FhLTExZTYtOGY4OC0zNDM2M2JjN2M0YzAiOnsiY3JlYXRlIjoyNzAwMDAwMDAwMDAwLCJkZWxldGUiOjI3MDAwMDAwMDAwMDAsInJlYWQiOjMwMDAwMDAwMDAwMCwidXBkYXRlIjoyNzAwMDAwMDAwMDAwfX0=",
          "dependencies": [
            "module.publicip.azurerm_public_ip.publicip",
            "module.resource_group.azurerm_resource_group.rg",
            "module.subnet.azurerm_subnet.subnet",
            "module.virtual_machine.azurerm_network_interface.nic_card",
            "module.virtual_machine.data.azurerm_key_vault.kv",
            "module.virtual_machine.data.azurerm_key_vault_secret.password",
            "module.virtual_machine.data.azurerm_key_vault_secret.username",
            "module.virtual_machine.data.azurerm_public_ip.kirti",
            "module.virtual_machine.data.azurerm_subnet.subnet",
            "module.virtual_network.azurerm_virtual_network.virtual_network"
          ]
        }
      ]
    },
    {
      "module": "module.virtual_machine",
      "mode": "managed",
      "type": "azurerm_network_interface",
      "name": "nic_card",
      "provider": "provider[\"registry.terraform.io/hashicorp/azurerm\"]",
      "instances": [
        {
          "index_key": "vm1",
          "schema_version": 0,
          "attributes": {
            "accelerated_networking_enabled": false,
            "applied_dns_servers": [],
            "auxiliary_mode": "",
            "auxiliary_sku": "",
            "dns_servers": [],
            "edge_zone": "",
            "id": "/subscriptions/d1d09d56-959d-42b7-83ae-ba4c37d998fa/resourceGroups/dev-rg/providers/Microsoft.Network/networkInterfaces/dev-nic",
            "internal_dns_name_label": "",
            "internal_domain_name_suffix": "5bndofbpb5burmpdsah33ui03d.dxbx.internal.cloudapp.net",
            "ip_configuration": [
              {
                "gateway_load_balancer_frontend_ip_configuration_id": "",
                "name": "dev-ip",
                "primary": true,
                "private_ip_address": "10.0.1.4",
                "private_ip_address_allocation": "Dynamic",
                "private_ip_address_version": "IPv4",
                "public_ip_address_id": "/subscriptions/d1d09d56-959d-42b7-83ae-ba4c37d998fa/resourceGroups/dev-rg/providers/Microsoft.Network/publicIPAddresses/dev-ip",
                "subnet_id": "/subscriptions/d1d09d56-959d-42b7-83ae-ba4c37d998fa/resourceGroups/dev-rg/providers/Microsoft.Network/virtualNetworks/dev-vnet/subnets/dev-subnet"
              }
            ],
            "ip_forwarding_enabled": false,
            "location": "uaenorth",
            "mac_address": "70-A8-A5-1E-34-A9",
            "name": "dev-nic",
            "private_ip_address": "10.0.1.4",
            "private_ip_addresses": [
              "10.0.1.4"
            ],
            "resource_group_name": "dev-rg",
            "tags": {},
            "timeouts": null,
            "virtual_machine_id": "/subscriptions/d1d09d56-959d-42b7-83ae-ba4c37d998fa/resourceGroups/dev-rg/providers/Microsoft.Compute/virtualMachines/dev-vm"
          },
          "sensitive_attributes": [],
          "identity_schema_version": 0,
          "identity": {
            "name": "dev-nic",
            "resource_group_name": "dev-rg",
            "subscription_id": "d1d09d56-959d-42b7-83ae-ba4c37d998fa"
          },
          "private": "eyJlMmJmYjczMC1lY2FhLTExZTYtOGY4OC0zNDM2M2JjN2M0YzAiOnsiY3JlYXRlIjoxODAwMDAwMDAwMDAwLCJkZWxldGUiOjE4MDAwMDAwMDAwMDAsInJlYWQiOjMwMDAwMDAwMDAwMCwidXBkYXRlIjoxODAwMDAwMDAwMDAwfX0=",
          "dependencies": [
            "module.publicip.azurerm_public_ip.publicip",
            "module.resource_group.azurerm_resource_group.rg",
            "module.subnet.azurerm_subnet.subnet",
            "module.virtual_machine.data.azurerm_public_ip.kirti",
            "module.virtual_machine.data.azurerm_subnet.subnet",
            "module.virtual_network.azurerm_virtual_network.virtual_network"
          ]
        },
        {
          "index_key": "vm2",
          "schema_version": 0,
          "attributes": {
            "accelerated_networking_enabled": false,
            "applied_dns_servers": [],
            "auxiliary_mode": "",
            "auxiliary_sku": "",
            "dns_servers": [],
            "edge_zone": "",
            "id": "/subscriptions/d1d09d56-959d-42b7-83ae-ba4c37d998fa/resourceGroups/prod-rg/providers/Microsoft.Network/networkInterfaces/prod-nic",
            "internal_dns_name_label": "",
            "internal_domain_name_suffix": "",
            "ip_configuration": [
              {
                "gateway_load_balancer_frontend_ip_configuration_id": "",
                "name": "prod-ip",
                "primary": true,
                "private_ip_address": "20.0.1.4",
                "private_ip_address_allocation": "Dynamic",
                "private_ip_address_version": "IPv4",
                "public_ip_address_id": "/subscriptions/d1d09d56-959d-42b7-83ae-ba4c37d998fa/resourceGroups/prod-rg/providers/Microsoft.Network/publicIPAddresses/prod-ip",
                "subnet_id": "/subscriptions/d1d09d56-959d-42b7-83ae-ba4c37d998fa/resourceGroups/prod-rg/providers/Microsoft.Network/virtualNetworks/prod-vnet/subnets/prod-subnet"
              }
            ],
            "ip_forwarding_enabled": false,
            "location": "centralindia",
            "mac_address": "7C-ED-8D-27-D4-BA",
            "name": "prod-nic",
            "private_ip_address": "20.0.1.4",
            "private_ip_addresses": [
              "20.0.1.4"
            ],
            "resource_group_name": "prod-rg",
            "tags": {},
            "timeouts": null,
            "virtual_machine_id": "/subscriptions/d1d09d56-959d-42b7-83ae-ba4c37d998fa/resourceGroups/prod-rg/providers/Microsoft.Compute/virtualMachines/prod-vm"
          },
          "sensitive_attributes": [],
          "identity_schema_version": 0,
          "identity": {
            "name": "prod-nic",
            "resource_group_name": "prod-rg",
            "subscription_id": "d1d09d56-959d-42b7-83ae-ba4c37d998fa"
          },
          "private": "eyJlMmJmYjczMC1lY2FhLTExZTYtOGY4OC0zNDM2M2JjN2M0YzAiOnsiY3JlYXRlIjoxODAwMDAwMDAwMDAwLCJkZWxldGUiOjE4MDAwMDAwMDAwMDAsInJlYWQiOjMwMDAwMDAwMDAwMCwidXBkYXRlIjoxODAwMDAwMDAwMDAwfX0=",
          "dependencies": [
            "module.publicip.azurerm_public_ip.publicip",
            "module.resource_group.azurerm_resource_group.rg",
            "module.subnet.azurerm_subnet.subnet",
            "module.virtual_machine.data.azurerm_public_ip.kirti",
            "module.virtual_machine.data.azurerm_subnet.subnet",
            "module.virtual_network.azurerm_virtual_network.virtual_network"
          ]
        }
      ]
    },
    {
      "module": "module.virtual_network",
      "mode": "managed",
      "type": "azurerm_virtual_network",
      "name": "virtual_network",
      "provider": "provider[\"registry.terraform.io/hashicorp/azurerm\"]",
      "instances": [
        {
          "index_key": "vent1",
          "schema_version": 0,
          "attributes": {
            "address_space": [
              "10.0.0.0/16"
            ],
            "bgp_community": "",
            "ddos_protection_plan": [],
            "dns_servers": [],
            "edge_zone": "",
            "encryption": [],
            "flow_timeout_in_minutes": 0,
            "guid": "14375af8-0f2f-48c3-b1e3-900fded11aeb",
            "id": "/subscriptions/d1d09d56-959d-42b7-83ae-ba4c37d998fa/resourceGroups/dev-rg/providers/Microsoft.Network/virtualNetworks/dev-vnet",
            "ip_address_pool": [],
            "location": "uaenorth",
            "name": "dev-vnet",
            "private_endpoint_vnet_policies": "Disabled",
            "resource_group_name": "dev-rg",
            "subnet": [
              {
                "address_prefixes": [
                  "10.0.1.0/24"
                ],
                "default_outbound_access_enabled": true,
                "delegation": [],
                "id": "/subscriptions/d1d09d56-959d-42b7-83ae-ba4c37d998fa/resourceGroups/dev-rg/providers/Microsoft.Network/virtualNetworks/dev-vnet/subnets/dev-subnet",
                "name": "dev-subnet",
                "private_endpoint_network_policies": "Disabled",
                "private_link_service_network_policies_enabled": true,
                "route_table_id": "",
                "security_group": "",
                "service_endpoint_policy_ids": [],
                "service_endpoints": []
              }
            ],
            "tags": {},
            "timeouts": null
          },
          "sensitive_attributes": [],
          "identity_schema_version": 0,
          "identity": {
            "name": "dev-vnet",
            "resource_group_name": "dev-rg",
            "subscription_id": "d1d09d56-959d-42b7-83ae-ba4c37d998fa"
          },
          "private": "eyJlMmJmYjczMC1lY2FhLTExZTYtOGY4OC0zNDM2M2JjN2M0YzAiOnsiY3JlYXRlIjoxODAwMDAwMDAwMDAwLCJkZWxldGUiOjE4MDAwMDAwMDAwMDAsInJlYWQiOjMwMDAwMDAwMDAwMCwidXBkYXRlIjoxODAwMDAwMDAwMDAwfX0=",
          "dependencies": [
            "module.resource_group.azurerm_resource_group.rg"
          ]
        },
        {
          "index_key": "vent2",
          "schema_version": 0,
          "attributes": {
            "address_space": [
              "20.0.0.0/16"
            ],
            "bgp_community": "",
            "ddos_protection_plan": [],
            "dns_servers": [],
            "edge_zone": "",
            "encryption": [],
            "flow_timeout_in_minutes": 0,
            "guid": "9b4242e4-9cb3-44ab-b604-c6be4ed6329f",
            "id": "/subscriptions/d1d09d56-959d-42b7-83ae-ba4c37d998fa/resourceGroups/prod-rg/providers/Microsoft.Network/virtualNetworks/prod-vnet",
            "ip_address_pool": [],
            "location": "centralindia",
            "name": "prod-vnet",
            "private_endpoint_vnet_policies": "Disabled",
            "resource_group_name": "prod-rg",
            "subnet": [
              {
                "address_prefixes": [
                  "20.0.1.0/24"
                ],
                "default_outbound_access_enabled": true,
                "delegation": [],
                "id": "/subscriptions/d1d09d56-959d-42b7-83ae-ba4c37d998fa/resourceGroups/prod-rg/providers/Microsoft.Network/virtualNetworks/prod-vnet/subnets/prod-subnet",
                "name": "prod-subnet",
                "private_endpoint_network_policies": "Disabled",
                "private_link_service_network_policies_enabled": true,
                "route_table_id": "",
                "security_group": "",
                "service_endpoint_policy_ids": [],
                "service_endpoints": []
              }
            ],
            "tags": {},
            "timeouts": null
          },
          "sensitive_attributes": [],
          "identity_schema_version": 0,
          "identity": {
            "name": "prod-vnet",
            "resource_group_name": "prod-rg",
            "subscription_id": "d1d09d56-959d-42b7-83ae-ba4c37d998fa"
          },
          "private": "eyJlMmJmYjczMC1lY2FhLTExZTYtOGY4OC0zNDM2M2JjN2M0YzAiOnsiY3JlYXRlIjoxODAwMDAwMDAwMDAwLCJkZWxldGUiOjE4MDAwMDAwMDAwMDAsInJlYWQiOjMwMDAwMDAwMDAwMCwidXBkYXRlIjoxODAwMDAwMDAwMDAwfX0=",
          "dependencies": [
            "module.resource_group.azurerm_resource_group.rg"
          ]
        }
      ]
    }
  ],
  "check_results": null
}
